
Microsoft Visual Studio Solution File, Format Version 12.00
# Visual Studio Version 17
VisualStudioVersion = 17.1.32328.378
MinimumVisualStudioVersion = 10.0.40219.1
Project("{FAE04EC0-301F-11D3-BF4B-00C04F79EFBC}") = "AdvanceTrainingPrograms", "AdvanceTrainingPrograms\AdvanceTrainingPrograms.csproj", "{D1129A25-828A-48DC-9510-48E3A0D3C8CE}"
EndProject
Global
	GlobalSection(SolutionConfigurationPlatforms) = preSolution
		Debug|Any CPU = Debug|Any CPU
		Release|Any CPU = Release|Any CPU
	EndGlobalSection
	GlobalSection(ProjectConfigurationPlatforms) = postSolution
		{D1129A25-828A-48DC-9510-48E3A0D3C8CE}.Debug|Any CPU.ActiveCfg = Debug|Any CPU
		{D1129A25-828A-48DC-9510-48E3A0D3C8CE}.Debug|Any CPU.Build.0 = Debug|Any CPU
		{D1129A25-828A-48DC-9510-48E3A0D3C8CE}.Release|Any CPU.ActiveCfg = Release|Any CPU
		{D1129A25-828A-48DC-9510-48E3A0D3C8CE}.Release|Any CPU.Build.0 = Release|Any CPU
	EndGlobalSection
	GlobalSection(SolutionProperties) = preSolution
		HideSolutionNode = FALSE
	EndGlobalSection
	GlobalSection(ExtensibilityGlobals) = postSolution
		SolutionGuid = {B7DF397D-4CDC-4BEA-A987-49D1C08D01A7}
	EndGlobalSection
EndGlobal
